// !$*UTF8*$!
{
	archiveVersion = 1;
	classes = {
	};
	objectVersion = 77;
	objects = {

/* Begin PBXBuildFile section */
		CCFF91E02DB4CB8B004B0EBF /* Alamofire in Frameworks */ = {isa = PBXBuildFile; productRef = CCFF91DF2DB4CB8B004B0EBF /* Alamofire */; };
		CCFF91E52DB4CD52004B0EBF /* FirebaseAnalytics in Frameworks */ = {isa = PBXBuildFile; productRef = CCFF91E42DB4CD52004B0EBF /* FirebaseAnalytics */; };
		CCFF91E72DB4CD52004B0EBF /* FirebaseAnalyticsOnDeviceConversion in Frameworks */ = {isa = PBXBuildFile; productRef = CCFF91E62DB4CD52004B0EBF /* FirebaseAnalyticsOnDeviceConversion */; };
		CCFF91E92DB4CD52004B0EBF /* FirebaseAnalyticsWithoutAdIdSupport in Frameworks */ = {isa = PBXBuildFile; productRef = CCFF91E82DB4CD52004B0EBF /* FirebaseAnalyticsWithoutAdIdSupport */; };
		CCFF91EB2DB4CD52004B0EBF /* FirebaseAppCheck in Frameworks */ = {isa = PBXBuildFile; productRef = CCFF91EA2DB4CD52004B0EBF /* FirebaseAppCheck */; };
		CCFF91ED2DB4CD52004B0EBF /* FirebaseAppDistribution-Beta in Frameworks */ = {isa = PBXBuildFile; productRef = CCFF91EC2DB4CD52004B0EBF /* FirebaseAppDistribution-Beta */; };
		CCFF91EF2DB4CD52004B0EBF /* FirebaseAuth in Frameworks */ = {isa = PBXBuildFile; productRef = CCFF91EE2DB4CD52004B0EBF /* FirebaseAuth */; };
		CCFF91F12DB4CD52004B0EBF /* FirebaseAuthCombine-Community in Frameworks */ = {isa = PBXBuildFile; productRef = CCFF91F02DB4CD52004B0EBF /* FirebaseAuthCombine-Community */; };
		CCFF91F32DB4CD52004B0EBF /* FirebaseCore in Frameworks */ = {isa = PBXBuildFile; productRef = CCFF91F22DB4CD52004B0EBF /* FirebaseCore */; };
		CCFF91F52DB4CD52004B0EBF /* FirebaseCrashlytics in Frameworks */ = {isa = PBXBuildFile; productRef = CCFF91F42DB4CD52004B0EBF /* FirebaseCrashlytics */; };
		CCFF91F72DB4CD52004B0EBF /* FirebaseDatabase in Frameworks */ = {isa = PBXBuildFile; productRef = CCFF91F62DB4CD52004B0EBF /* FirebaseDatabase */; };
		CCFF91F92DB4CD52004B0EBF /* FirebaseDynamicLinks in Frameworks */ = {isa = PBXBuildFile; productRef = CCFF91F82DB4CD52004B0EBF /* FirebaseDynamicLinks */; };
		CCFF91FB2DB4CD52004B0EBF /* FirebaseFirestore in Frameworks */ = {isa = PBXBuildFile; productRef = CCFF91FA2DB4CD52004B0EBF /* FirebaseFirestore */; };
		CCFF91FD2DB4CD52004B0EBF /* FirebaseFirestoreCombine-Community in Frameworks */ = {isa = PBXBuildFile; productRef = CCFF91FC2DB4CD52004B0EBF /* FirebaseFirestoreCombine-Community */; };
		CCFF91FF2DB4CD52004B0EBF /* FirebaseFunctions in Frameworks */ = {isa = PBXBuildFile; productRef = CCFF91FE2DB4CD52004B0EBF /* FirebaseFunctions */; };
		CCFF92012DB4CD52004B0EBF /* FirebaseFunctionsCombine-Community in Frameworks */ = {isa = PBXBuildFile; productRef = CCFF92002DB4CD52004B0EBF /* FirebaseFunctionsCombine-Community */; };
		CCFF92032DB4CD52004B0EBF /* FirebaseInAppMessaging-Beta in Frameworks */ = {isa = PBXBuildFile; productRef = CCFF92022DB4CD52004B0EBF /* FirebaseInAppMessaging-Beta */; };
		CCFF92052DB4CD52004B0EBF /* FirebaseInstallations in Frameworks */ = {isa = PBXBuildFile; productRef = CCFF92042DB4CD52004B0EBF /* FirebaseInstallations */; };
		CCFF92072DB4CD52004B0EBF /* FirebaseMLModelDownloader in Frameworks */ = {isa = PBXBuildFile; productRef = CCFF92062DB4CD52004B0EBF /* FirebaseMLModelDownloader */; };
		CCFF92092DB4CD52004B0EBF /* FirebaseMessaging in Frameworks */ = {isa = PBXBuildFile; productRef = CCFF92082DB4CD52004B0EBF /* FirebaseMessaging */; };
		CCFF920B2DB4CD52004B0EBF /* FirebasePerformance in Frameworks */ = {isa = PBXBuildFile; productRef = CCFF920A2DB4CD52004B0EBF /* FirebasePerformance */; };
		CCFF920D2DB4CD52004B0EBF /* FirebaseRemoteConfig in Frameworks */ = {isa = PBXBuildFile; productRef = CCFF920C2DB4CD52004B0EBF /* FirebaseRemoteConfig */; };
		CCFF920F2DB4CD52004B0EBF /* FirebaseStorage in Frameworks */ = {isa = PBXBuildFile; productRef = CCFF920E2DB4CD52004B0EBF /* FirebaseStorage */; };
		CCFF92112DB4CD52004B0EBF /* FirebaseStorageCombine-Community in Frameworks */ = {isa = PBXBuildFile; productRef = CCFF92102DB4CD52004B0EBF /* FirebaseStorageCombine-Community */; };
		CCFF92132DB4CD52004B0EBF /* FirebaseVertexAI in Frameworks */ = {isa = PBXBuildFile; productRef = CCFF92122DB4CD52004B0EBF /* FirebaseVertexAI */; };
		CCFF92162DB4CD74004B0EBF /* Inject in Frameworks */ = {isa = PBXBuildFile; productRef = CCFF92152DB4CD74004B0EBF /* Inject */; };
		CCFF92192DB4CD96004B0EBF /* GoogleSignIn in Frameworks */ = {isa = PBXBuildFile; productRef = CCFF92182DB4CD96004B0EBF /* GoogleSignIn */; };
		CCFF921B2DB4CD96004B0EBF /* GoogleSignInSwift in Frameworks */ = {isa = PBXBuildFile; productRef = CCFF921A2DB4CD96004B0EBF /* GoogleSignInSwift */; };
		CCFF921E2DB4CE50004B0EBF /* AMJpnMap in Frameworks */ = {isa = PBXBuildFile; productRef = CCFF921D2DB4CE50004B0EBF /* AMJpnMap */; };
/* End PBXBuildFile section */

/* Begin PBXFileReference section */
		22D6C3DD2D4A4C8300C47272 /* TravelCounter.app */ = {isa = PBXFileReference; explicitFileType = wrapper.application; includeInIndex = 0; path = TravelCounter.app; sourceTree = BUILT_PRODUCTS_DIR; };
/* End PBXFileReference section */

/* Begin PBXFileSystemSynchronizedBuildFileExceptionSet section */
		22C67AFE2D4A82AF00C1952C /* Exceptions for "TravelCounter" folder in "TravelCounter" target */ = {
			isa = PBXFileSystemSynchronizedBuildFileExceptionSet;
			membershipExceptions = (
				Info.plist,
			);
			target = 22D6C3DC2D4A4C8300C47272 /* TravelCounter */;
		};
/* End PBXFileSystemSynchronizedBuildFileExceptionSet section */

/* Begin PBXFileSystemSynchronizedRootGroup section */
		22D6C3DF2D4A4C8300C47272 /* TravelCounter */ = {
			isa = PBXFileSystemSynchronizedRootGroup;
			exceptions = (
				22C67AFE2D4A82AF00C1952C /* Exceptions for "TravelCounter" folder in "TravelCounter" target */,
			);
			path = TravelCounter;
			sourceTree = "<group>";
		};
/* End PBXFileSystemSynchronizedRootGroup section */

/* Begin PBXFrameworksBuildPhase section */
		22D6C3DA2D4A4C8300C47272 /* Frameworks */ = {
			isa = PBXFrameworksBuildPhase;
			buildActionMask = 2147483647;
			files = (
				CCFF920B2DB4CD52004B0EBF /* FirebasePerformance in Frameworks */,
				CCFF91ED2DB4CD52004B0EBF /* FirebaseAppDistribution-Beta in Frameworks */,
				CCFF921E2DB4CE50004B0EBF /* AMJpnMap in Frameworks */,
				CCFF92012DB4CD52004B0EBF /* FirebaseFunctionsCombine-Community in Frameworks */,
				CCFF91F12DB4CD52004B0EBF /* FirebaseAuthCombine-Community in Frameworks */,
				CCFF92162DB4CD74004B0EBF /* Inject in Frameworks */,
				CCFF920F2DB4CD52004B0EBF /* FirebaseStorage in Frameworks */,
				CCFF921B2DB4CD96004B0EBF /* GoogleSignInSwift in Frameworks */,
				CCFF91FD2DB4CD52004B0EBF /* FirebaseFirestoreCombine-Community in Frameworks */,
				CCFF91E92DB4CD52004B0EBF /* FirebaseAnalyticsWithoutAdIdSupport in Frameworks */,
				CCFF91E02DB4CB8B004B0EBF /* Alamofire in Frameworks */,
				CCFF92072DB4CD52004B0EBF /* FirebaseMLModelDownloader in Frameworks */,
				CCFF91F52DB4CD52004B0EBF /* FirebaseCrashlytics in Frameworks */,
				CCFF92132DB4CD52004B0EBF /* FirebaseVertexAI in Frameworks */,
				CCFF92192DB4CD96004B0EBF /* GoogleSignIn in Frameworks */,
				CCFF92092DB4CD52004B0EBF /* FirebaseMessaging in Frameworks */,
				CCFF92052DB4CD52004B0EBF /* FirebaseInstallations in Frameworks */,
				CCFF91F72DB4CD52004B0EBF /* FirebaseDatabase in Frameworks */,
				CCFF91E52DB4CD52004B0EBF /* FirebaseAnalytics in Frameworks */,
				CCFF91F32DB4CD52004B0EBF /* FirebaseCore in Frameworks */,
				CCFF92032DB4CD52004B0EBF /* FirebaseInAppMessaging-Beta in Frameworks */,
				CCFF91EB2DB4CD52004B0EBF /* FirebaseAppCheck in Frameworks */,
				CCFF91FF2DB4CD52004B0EBF /* FirebaseFunctions in Frameworks */,
				CCFF920D2DB4CD52004B0EBF /* FirebaseRemoteConfig in Frameworks */,
				CCFF91E72DB4CD52004B0EBF /* FirebaseAnalyticsOnDeviceConversion in Frameworks */,
				CCFF91EF2DB4CD52004B0EBF /* FirebaseAuth in Frameworks */,
				CCFF92112DB4CD52004B0EBF /* FirebaseStorageCombine-Community in Frameworks */,
				CCFF91F92DB4CD52004B0EBF /* FirebaseDynamicLinks in Frameworks */,
				CCFF91FB2DB4CD52004B0EBF /* FirebaseFirestore in Frameworks */,
			);
			runOnlyForDeploymentPostprocessing = 0;
		};
/* End PBXFrameworksBuildPhase section */

/* Begin PBXGroup section */
		22D6C3D42D4A4C8300C47272 = {
			isa = PBXGroup;
			children = (
				22D6C3DF2D4A4C8300C47272 /* TravelCounter */,
				22D6C3DE2D4A4C8300C47272 /* Products */,
			);
			sourceTree = "<group>";
		};
		22D6C3DE2D4A4C8300C47272 /* Products */ = {
			isa = PBXGroup;
			children = (
				22D6C3DD2D4A4C8300C47272 /* TravelCounter.app */,
			);
			name = Products;
			sourceTree = "<group>";
		};
/* End PBXGroup section */

/* Begin PBXNativeTarget section */
		22D6C3DC2D4A4C8300C47272 /* TravelCounter */ = {
			isa = PBXNativeTarget;
			buildConfigurationList = 22D6C3EB2D4A4C8500C47272 /* Build configuration list for PBXNativeTarget "TravelCounter" */;
			buildPhases = (
				22D6C3D92D4A4C8300C47272 /* Sources */,
				22D6C3DA2D4A4C8300C47272 /* Frameworks */,
				22D6C3DB2D4A4C8300C47272 /* Resources */,
			);
			buildRules = (
			);
			dependencies = (
			);
			fileSystemSynchronizedGroups = (
				22D6C3DF2D4A4C8300C47272 /* TravelCounter */,
			);
			name = TravelCounter;
			packageProductDependencies = (
				CCFF91DF2DB4CB8B004B0EBF /* Alamofire */,
				CCFF91E42DB4CD52004B0EBF /* FirebaseAnalytics */,
				CCFF91E62DB4CD52004B0EBF /* FirebaseAnalyticsOnDeviceConversion */,
				CCFF91E82DB4CD52004B0EBF /* FirebaseAnalyticsWithoutAdIdSupport */,
				CCFF91EA2DB4CD52004B0EBF /* FirebaseAppCheck */,
				CCFF91EC2DB4CD52004B0EBF /* FirebaseAppDistribution-Beta */,
				CCFF91EE2DB4CD52004B0EBF /* FirebaseAuth */,
				CCFF91F02DB4CD52004B0EBF /* FirebaseAuthCombine-Community */,
				CCFF91F22DB4CD52004B0EBF /* FirebaseCore */,
				CCFF91F42DB4CD52004B0EBF /* FirebaseCrashlytics */,
				CCFF91F62DB4CD52004B0EBF /* FirebaseDatabase */,
				CCFF91F82DB4CD52004B0EBF /* FirebaseDynamicLinks */,
				CCFF91FA2DB4CD52004B0EBF /* FirebaseFirestore */,
				CCFF91FC2DB4CD52004B0EBF /* FirebaseFirestoreCombine-Community */,
				CCFF91FE2DB4CD52004B0EBF /* FirebaseFunctions */,
				CCFF92002DB4CD52004B0EBF /* FirebaseFunctionsCombine-Community */,
				CCFF92022DB4CD52004B0EBF /* FirebaseInAppMessaging-Beta */,
				CCFF92042DB4CD52004B0EBF /* FirebaseInstallations */,
				CCFF92062DB4CD52004B0EBF /* FirebaseMLModelDownloader */,
				CCFF92082DB4CD52004B0EBF /* FirebaseMessaging */,
				CCFF920A2DB4CD52004B0EBF /* FirebasePerformance */,
				CCFF920C2DB4CD52004B0EBF /* FirebaseRemoteConfig */,
				CCFF920E2DB4CD52004B0EBF /* FirebaseStorage */,
				CCFF92102DB4CD52004B0EBF /* FirebaseStorageCombine-Community */,
				CCFF92122DB4CD52004B0EBF /* FirebaseVertexAI */,
				CCFF92152DB4CD74004B0EBF /* Inject */,
				CCFF92182DB4CD96004B0EBF /* GoogleSignIn */,
				CCFF921A2DB4CD96004B0EBF /* GoogleSignInSwift */,
				CCFF921D2DB4CE50004B0EBF /* AMJpnMap */,
			);
			productName = TravelCounter;
			productReference = 22D6C3DD2D4A4C8300C47272 /* TravelCounter.app */;
			productType = "com.apple.product-type.application";
		};
/* End PBXNativeTarget section */

/* Begin PBXProject section */
		22D6C3D52D4A4C8300C47272 /* Project object */ = {
			isa = PBXProject;
			attributes = {
				BuildIndependentTargetsInParallel = 1;
				LastSwiftUpdateCheck = 1600;
				LastUpgradeCheck = 1600;
				TargetAttributes = {
					22D6C3DC2D4A4C8300C47272 = {
						CreatedOnToolsVersion = 16.0;
					};
				};
			};
			buildConfigurationList = 22D6C3D82D4A4C8300C47272 /* Build configuration list for PBXProject "TravelCounter" */;
			developmentRegion = en;
			hasScannedForEncodings = 0;
			knownRegions = (
				en,
				Base,
			);
			mainGroup = 22D6C3D42D4A4C8300C47272;
			minimizedProjectReferenceProxies = 1;
			packageReferences = (
				CCFF91DE2DB4CB8B004B0EBF /* XCRemoteSwiftPackageReference "Alamofire" */,
				CCFF91E32DB4CD52004B0EBF /* XCRemoteSwiftPackageReference "firebase-ios-sdk" */,
				CCFF92142DB4CD74004B0EBF /* XCRemoteSwiftPackageReference "Inject" */,
				CCFF92172DB4CD96004B0EBF /* XCRemoteSwiftPackageReference "GoogleSignIn-iOS" */,
				CCFF921C2DB4CE50004B0EBF /* XCRemoteSwiftPackageReference "TapableJapanMapByPrefecture" */,
			);
			preferredProjectObjectVersion = 77;
			productRefGroup = 22D6C3DE2D4A4C8300C47272 /* Products */;
			projectDirPath = "";
			projectRoot = "";
			targets = (
				22D6C3DC2D4A4C8300C47272 /* TravelCounter */,
			);
		};
/* End PBXProject section */

/* Begin PBXResourcesBuildPhase section */
		22D6C3DB2D4A4C8300C47272 /* Resources */ = {
			isa = PBXResourcesBuildPhase;
			buildActionMask = 2147483647;
			files = (
			);
			runOnlyForDeploymentPostprocessing = 0;
		};
/* End PBXResourcesBuildPhase section */

/* Begin PBXSourcesBuildPhase section */
		22D6C3D92D4A4C8300C47272 /* Sources */ = {
			isa = PBXSourcesBuildPhase;
			buildActionMask = 2147483647;
			files = (
			);
			runOnlyForDeploymentPostprocessing = 0;
		};
/* End PBXSourcesBuildPhase section */

/* Begin XCBuildConfiguration section */
		22D6C3E92D4A4C8500C47272 /* Debug */ = {
			isa = XCBuildConfiguration;
			buildSettings = {
				ALWAYS_SEARCH_USER_PATHS = NO;
				ASSETCATALOG_COMPILER_GENERATE_SWIFT_ASSET_SYMBOL_EXTENSIONS = YES;
				CLANG_ANALYZER_NONNULL = YES;
				CLANG_ANALYZER_NUMBER_OBJECT_CONVERSION = YES_AGGRESSIVE;
				CLANG_CXX_LANGUAGE_STANDARD = "gnu++20";
				CLANG_ENABLE_MODULES = YES;
				CLANG_ENABLE_OBJC_ARC = YES;
				CLANG_ENABLE_OBJC_WEAK = YES;
				CLANG_WARN_BLOCK_CAPTURE_AUTORELEASING = YES;
				CLANG_WARN_BOOL_CONVERSION = YES;
				CLANG_WARN_COMMA = YES;
				CLANG_WARN_CONSTANT_CONVERSION = YES;
				CLANG_WARN_DEPRECATED_OBJC_IMPLEMENTATIONS = YES;
				CLANG_WARN_DIRECT_OBJC_ISA_USAGE = YES_ERROR;
				CLANG_WARN_DOCUMENTATION_COMMENTS = YES;
				CLANG_WARN_EMPTY_BODY = YES;
				CLANG_WARN_ENUM_CONVERSION = YES;
				CLANG_WARN_INFINITE_RECURSION = YES;
				CLANG_WARN_INT_CONVERSION = YES;
				CLANG_WARN_NON_LITERAL_NULL_CONVERSION = YES;
				CLANG_WARN_OBJC_IMPLICIT_RETAIN_SELF = YES;
				CLANG_WARN_OBJC_LITERAL_CONVERSION = YES;
				CLANG_WARN_OBJC_ROOT_CLASS = YES_ERROR;
				CLANG_WARN_QUOTED_INCLUDE_IN_FRAMEWORK_HEADER = YES;
				CLANG_WARN_RANGE_LOOP_ANALYSIS = YES;
				CLANG_WARN_STRICT_PROTOTYPES = YES;
				CLANG_WARN_SUSPICIOUS_MOVE = YES;
				CLANG_WARN_UNGUARDED_AVAILABILITY = YES_AGGRESSIVE;
				CLANG_WARN_UNREACHABLE_CODE = YES;
				CLANG_WARN__DUPLICATE_METHOD_MATCH = YES;
				COPY_PHASE_STRIP = NO;
				DEBUG_INFORMATION_FORMAT = dwarf;
				ENABLE_STRICT_OBJC_MSGSEND = YES;
				ENABLE_TESTABILITY = YES;
				ENABLE_USER_SCRIPT_SANDBOXING = YES;
				GCC_C_LANGUAGE_STANDARD = gnu17;
				GCC_DYNAMIC_NO_PIC = NO;
				GCC_NO_COMMON_BLOCKS = YES;
				GCC_OPTIMIZATION_LEVEL = 0;
				GCC_PREPROCESSOR_DEFINITIONS = (
					"DEBUG=1",
					"$(inherited)",
				);
				GCC_WARN_64_TO_32_BIT_CONVERSION = YES;
				GCC_WARN_ABOUT_RETURN_TYPE = YES_ERROR;
				GCC_WARN_UNDECLARED_SELECTOR = YES;
				GCC_WARN_UNINITIALIZED_AUTOS = YES_AGGRESSIVE;
				GCC_WARN_UNUSED_FUNCTION = YES;
				GCC_WARN_UNUSED_VARIABLE = YES;
				IPHONEOS_DEPLOYMENT_TARGET = 18.0;
				LOCALIZATION_PREFERS_STRING_CATALOGS = YES;
				MTL_ENABLE_DEBUG_INFO = INCLUDE_SOURCE;
				MTL_FAST_MATH = YES;
				ONLY_ACTIVE_ARCH = YES;
				SDKROOT = iphoneos;
				SWIFT_ACTIVE_COMPILATION_CONDITIONS = "DEBUG $(inherited)";
				SWIFT_OPTIMIZATION_LEVEL = "-Onone";
			};
			name = Debug;
		};
		22D6C3EA2D4A4C8500C47272 /* Release */ = {
			isa = XCBuildConfiguration;
			buildSettings = {
				ALWAYS_SEARCH_USER_PATHS = NO;
				ASSETCATALOG_COMPILER_GENERATE_SWIFT_ASSET_SYMBOL_EXTENSIONS = YES;
				CLANG_ANALYZER_NONNULL = YES;
				CLANG_ANALYZER_NUMBER_OBJECT_CONVERSION = YES_AGGRESSIVE;
				CLANG_CXX_LANGUAGE_STANDARD = "gnu++20";
				CLANG_ENABLE_MODULES = YES;
				CLANG_ENABLE_OBJC_ARC = YES;
				CLANG_ENABLE_OBJC_WEAK = YES;
				CLANG_WARN_BLOCK_CAPTURE_AUTORELEASING = YES;
				CLANG_WARN_BOOL_CONVERSION = YES;
				CLANG_WARN_COMMA = YES;
				CLANG_WARN_CONSTANT_CONVERSION = YES;
				CLANG_WARN_DEPRECATED_OBJC_IMPLEMENTATIONS = YES;
				CLANG_WARN_DIRECT_OBJC_ISA_USAGE = YES_ERROR;
				CLANG_WARN_DOCUMENTATION_COMMENTS = YES;
				CLANG_WARN_EMPTY_BODY = YES;
				CLANG_WARN_ENUM_CONVERSION = YES;
				CLANG_WARN_INFINITE_RECURSION = YES;
				CLANG_WARN_INT_CONVERSION = YES;
				CLANG_WARN_NON_LITERAL_NULL_CONVERSION = YES;
				CLANG_WARN_OBJC_IMPLICIT_RETAIN_SELF = YES;
				CLANG_WARN_OBJC_LITERAL_CONVERSION = YES;
				CLANG_WARN_OBJC_ROOT_CLASS = YES_ERROR;
				CLANG_WARN_QUOTED_INCLUDE_IN_FRAMEWORK_HEADER = YES;
				CLANG_WARN_RANGE_LOOP_ANALYSIS = YES;
				CLANG_WARN_STRICT_PROTOTYPES = YES;
				CLANG_WARN_SUSPICIOUS_MOVE = YES;
				CLANG_WARN_UNGUARDED_AVAILABILITY = YES_AGGRESSIVE;
				CLANG_WARN_UNREACHABLE_CODE = YES;
				CLANG_WARN__DUPLICATE_METHOD_MATCH = YES;
				COPY_PHASE_STRIP = NO;
				DEBUG_INFORMATION_FORMAT = "dwarf-with-dsym";
				ENABLE_NS_ASSERTIONS = NO;
				ENABLE_STRICT_OBJC_MSGSEND = YES;
				ENABLE_USER_SCRIPT_SANDBOXING = YES;
				GCC_C_LANGUAGE_STANDARD = gnu17;
				GCC_NO_COMMON_BLOCKS = YES;
				GCC_WARN_64_TO_32_BIT_CONVERSION = YES;
				GCC_WARN_ABOUT_RETURN_TYPE = YES_ERROR;
				GCC_WARN_UNDECLARED_SELECTOR = YES;
				GCC_WARN_UNINITIALIZED_AUTOS = YES_AGGRESSIVE;
				GCC_WARN_UNUSED_FUNCTION = YES;
				GCC_WARN_UNUSED_VARIABLE = YES;
				IPHONEOS_DEPLOYMENT_TARGET = 18.0;
				LOCALIZATION_PREFERS_STRING_CATALOGS = YES;
				MTL_ENABLE_DEBUG_INFO = NO;
				MTL_FAST_MATH = YES;
				SDKROOT = iphoneos;
				SWIFT_COMPILATION_MODE = wholemodule;
				VALIDATE_PRODUCT = YES;
			};
			name = Release;
		};
		22D6C3EC2D4A4C8500C47272 /* Debug */ = {
			isa = XCBuildConfiguration;
			buildSettings = {
				ASSETCATALOG_COMPILER_APPICON_NAME = AppIcon;
				ASSETCATALOG_COMPILER_GLOBAL_ACCENT_COLOR_NAME = AccentColor;
				CODE_SIGN_IDENTITY = "Apple Development";
				CODE_SIGN_STYLE = Automatic;
				CURRENT_PROJECT_VERSION = 1;
				DEVELOPMENT_ASSET_PATHS = "\"TravelCounter/Preview Content\"";
				DEVELOPMENT_TEAM = 5LFY2257AB;
				ENABLE_PREVIEWS = YES;
				GENERATE_INFOPLIST_FILE = YES;
				INFOPLIST_FILE = TravelCounter/Info.plist;
				INFOPLIST_KEY_UIApplicationSceneManifest_Generation = YES;
				INFOPLIST_KEY_UIApplicationSupportsIndirectInputEvents = YES;
				INFOPLIST_KEY_UILaunchScreen_Generation = YES;
				INFOPLIST_KEY_UISupportedInterfaceOrientations_iPad = "UIInterfaceOrientationPortrait UIInterfaceOrientationPortraitUpsideDown UIInterfaceOrientationLandscapeLeft UIInterfaceOrientationLandscapeRight";
				INFOPLIST_KEY_UISupportedInterfaceOrientations_iPhone = "UIInterfaceOrientationPortrait UIInterfaceOrientationLandscapeLeft UIInterfaceOrientationLandscapeRight";
				LD_RUNPATH_SEARCH_PATHS = (
					"$(inherited)",
					"@executable_path/Frameworks",
				);
				MARKETING_VERSION = 1.0;
				PRODUCT_BUNDLE_IDENTIFIER = com.kabu.TravelCounter;
				PRODUCT_NAME = "$(TARGET_NAME)";
				PROVISIONING_PROFILE_SPECIFIER = "";
				SWIFT_EMIT_LOC_STRINGS = YES;
				SWIFT_VERSION = 5.0;
				TARGETED_DEVICE_FAMILY = "1,2";
			};
			name = Debug;
		};
		22D6C3ED2D4A4C8500C47272 /* Release */ = {
			isa = XCBuildConfiguration;
			buildSettings = {
				ASSETCATALOG_COMPILER_APPICON_NAME = AppIcon;
				ASSETCATALOG_COMPILER_GLOBAL_ACCENT_COLOR_NAME = AccentColor;
				CODE_SIGN_IDENTITY = "Apple Development";
				CODE_SIGN_STYLE = Automatic;
				CURRENT_PROJECT_VERSION = 1;
				DEVELOPMENT_ASSET_PATHS = "\"TravelCounter/Preview Content\"";
				DEVELOPMENT_TEAM = 5LFY2257AB;
				ENABLE_PREVIEWS = YES;
				GENERATE_INFOPLIST_FILE = YES;
				INFOPLIST_FILE = TravelCounter/Info.plist;
				INFOPLIST_KEY_UIApplicationSceneManifest_Generation = YES;
				INFOPLIST_KEY_UIApplicationSupportsIndirectInputEvents = YES;
				INFOPLIST_KEY_UILaunchScreen_Generation = YES;
				INFOPLIST_KEY_UISupportedInterfaceOrientations_iPad = "UIInterfaceOrientationPortrait UIInterfaceOrientationPortraitUpsideDown UIInterfaceOrientationLandscapeLeft UIInterfaceOrientationLandscapeRight";
				INFOPLIST_KEY_UISupportedInterfaceOrientations_iPhone = "UIInterfaceOrientationPortrait UIInterfaceOrientationLandscapeLeft UIInterfaceOrientationLandscapeRight";
				LD_RUNPATH_SEARCH_PATHS = (
					"$(inherited)",
					"@executable_path/Frameworks",
				);
				MARKETING_VERSION = 1.0;
				PRODUCT_BUNDLE_IDENTIFIER = com.kabu.TravelCounter;
				PRODUCT_NAME = "$(TARGET_NAME)";
				PROVISIONING_PROFILE_SPECIFIER = "";
				SWIFT_EMIT_LOC_STRINGS = YES;
				SWIFT_VERSION = 5.0;
				TARGETED_DEVICE_FAMILY = "1,2";
			};
			name = Release;
		};
/* End XCBuildConfiguration section */

/* Begin XCConfigurationList section */
		22D6C3D82D4A4C8300C47272 /* Build configuration list for PBXProject "TravelCounter" */ = {
			isa = XCConfigurationList;
			buildConfigurations = (
				22D6C3E92D4A4C8500C47272 /* Debug */,
				22D6C3EA2D4A4C8500C47272 /* Release */,
			);
			defaultConfigurationIsVisible = 0;
			defaultConfigurationName = Release;
		};
		22D6C3EB2D4A4C8500C47272 /* Build configuration list for PBXNativeTarget "TravelCounter" */ = {
			isa = XCConfigurationList;
			buildConfigurations = (
				22D6C3EC2D4A4C8500C47272 /* Debug */,
				22D6C3ED2D4A4C8500C47272 /* Release */,
			);
			defaultConfigurationIsVisible = 0;
			defaultConfigurationName = Release;
		};
/* End XCConfigurationList section */

/* Begin XCRemoteSwiftPackageReference section */
		CCFF91DE2DB4CB8B004B0EBF /* XCRemoteSwiftPackageReference "Alamofire" */ = {
			isa = XCRemoteSwiftPackageReference;
			repositoryURL = "https://github.com/Alamofire/Alamofire.git";
			requirement = {
				kind = upToNextMajorVersion;
				minimumVersion = 5.10.2;
			};
		};
		CCFF91E32DB4CD52004B0EBF /* XCRemoteSwiftPackageReference "firebase-ios-sdk" */ = {
			isa = XCRemoteSwiftPackageReference;
			repositoryURL = "https://github.com/firebase/firebase-ios-sdk";
			requirement = {
				kind = upToNextMajorVersion;
				minimumVersion = 11.11.0;
			};
		};
		CCFF92142DB4CD74004B0EBF /* XCRemoteSwiftPackageReference "Inject" */ = {
			isa = XCRemoteSwiftPackageReference;
			repositoryURL = "https://github.com/krzysztofzablocki/Inject.git";
			requirement = {
				kind = upToNextMajorVersion;
				minimumVersion = 1.5.2;
			};
		};
		CCFF92172DB4CD96004B0EBF /* XCRemoteSwiftPackageReference "GoogleSignIn-iOS" */ = {
			isa = XCRemoteSwiftPackageReference;
			repositoryURL = "https://github.com/google/GoogleSignIn-iOS.git";
			requirement = {
				kind = upToNextMajorVersion;
				minimumVersion = 8.0.0;
			};
		};
		CCFF921C2DB4CE50004B0EBF /* XCRemoteSwiftPackageReference "TapableJapanMapByPrefecture" */ = {
			isa = XCRemoteSwiftPackageReference;
			repositoryURL = "https://github.com/kaka0913/TapableJapanMapByPrefecture.git";
			requirement = {
				branch = master;
				kind = branch;
			};
		};
/* End XCRemoteSwiftPackageReference section */

/* Begin XCSwiftPackageProductDependency section */
		CCFF91DF2DB4CB8B004B0EBF /* Alamofire */ = {
			isa = XCSwiftPackageProductDependency;
			package = CCFF91DE2DB4CB8B004B0EBF /* XCRemoteSwiftPackageReference "Alamofire" */;
			productName = Alamofire;
		};
		CCFF91E42DB4CD52004B0EBF /* FirebaseAnalytics */ = {
			isa = XCSwiftPackageProductDependency;
			package = CCFF91E32DB4CD52004B0EBF /* XCRemoteSwiftPackageReference "firebase-ios-sdk" */;
			productName = FirebaseAnalytics;
		};
		CCFF91E62DB4CD52004B0EBF /* FirebaseAnalyticsOnDeviceConversion */ = {
			isa = XCSwiftPackageProductDependency;
			package = CCFF91E32DB4CD52004B0EBF /* XCRemoteSwiftPackageReference "firebase-ios-sdk" */;
			productName = FirebaseAnalyticsOnDeviceConversion;
		};
		CCFF91E82DB4CD52004B0EBF /* FirebaseAnalyticsWithoutAdIdSupport */ = {
			isa = XCSwiftPackageProductDependency;
			package = CCFF91E32DB4CD52004B0EBF /* XCRemoteSwiftPackageReference "firebase-ios-sdk" */;
			productName = FirebaseAnalyticsWithoutAdIdSupport;
		};
		CCFF91EA2DB4CD52004B0EBF /* FirebaseAppCheck */ = {
			isa = XCSwiftPackageProductDependency;
			package = CCFF91E32DB4CD52004B0EBF /* XCRemoteSwiftPackageReference "firebase-ios-sdk" */;
			productName = FirebaseAppCheck;
		};
		CCFF91EC2DB4CD52004B0EBF /* FirebaseAppDistribution-Beta */ = {
			isa = XCSwiftPackageProductDependency;
			package = CCFF91E32DB4CD52004B0EBF /* XCRemoteSwiftPackageReference "firebase-ios-sdk" */;
			productName = "FirebaseAppDistribution-Beta";
		};
		CCFF91EE2DB4CD52004B0EBF /* FirebaseAuth */ = {
			isa = XCSwiftPackageProductDependency;
			package = CCFF91E32DB4CD52004B0EBF /* XCRemoteSwiftPackageReference "firebase-ios-sdk" */;
			productName = FirebaseAuth;
		};
		CCFF91F02DB4CD52004B0EBF /* FirebaseAuthCombine-Community */ = {
			isa = XCSwiftPackageProductDependency;
			package = CCFF91E32DB4CD52004B0EBF /* XCRemoteSwiftPackageReference "firebase-ios-sdk" */;
			productName = "FirebaseAuthCombine-Community";
		};
		CCFF91F22DB4CD52004B0EBF /* FirebaseCore */ = {
			isa = XCSwiftPackageProductDependency;
			package = CCFF91E32DB4CD52004B0EBF /* XCRemoteSwiftPackageReference "firebase-ios-sdk" */;
			productName = FirebaseCore;
		};
		CCFF91F42DB4CD52004B0EBF /* FirebaseCrashlytics */ = {
			isa = XCSwiftPackageProductDependency;
			package = CCFF91E32DB4CD52004B0EBF /* XCRemoteSwiftPackageReference "firebase-ios-sdk" */;
			productName = FirebaseCrashlytics;
		};
		CCFF91F62DB4CD52004B0EBF /* FirebaseDatabase */ = {
			isa = XCSwiftPackageProductDependency;
			package = CCFF91E32DB4CD52004B0EBF /* XCRemoteSwiftPackageReference "firebase-ios-sdk" */;
			productName = FirebaseDatabase;
		};
		CCFF91F82DB4CD52004B0EBF /* FirebaseDynamicLinks */ = {
			isa = XCSwiftPackageProductDependency;
			package = CCFF91E32DB4CD52004B0EBF /* XCRemoteSwiftPackageReference "firebase-ios-sdk" */;
			productName = FirebaseDynamicLinks;
		};
		CCFF91FA2DB4CD52004B0EBF /* FirebaseFirestore */ = {
			isa = XCSwiftPackageProductDependency;
			package = CCFF91E32DB4CD52004B0EBF /* XCRemoteSwiftPackageReference "firebase-ios-sdk" */;
			productName = FirebaseFirestore;
		};
		CCFF91FC2DB4CD52004B0EBF /* FirebaseFirestoreCombine-Community */ = {
			isa = XCSwiftPackageProductDependency;
			package = CCFF91E32DB4CD52004B0EBF /* XCRemoteSwiftPackageReference "firebase-ios-sdk" */;
			productName = "FirebaseFirestoreCombine-Community";
		};
		CCFF91FE2DB4CD52004B0EBF /* FirebaseFunctions */ = {
			isa = XCSwiftPackageProductDependency;
			package = CCFF91E32DB4CD52004B0EBF /* XCRemoteSwiftPackageReference "firebase-ios-sdk" */;
			productName = FirebaseFunctions;
		};
		CCFF92002DB4CD52004B0EBF /* FirebaseFunctionsCombine-Community */ = {
			isa = XCSwiftPackageProductDependency;
			package = CCFF91E32DB4CD52004B0EBF /* XCRemoteSwiftPackageReference "firebase-ios-sdk" */;
			productName = "FirebaseFunctionsCombine-Community";
		};
		CCFF92022DB4CD52004B0EBF /* FirebaseInAppMessaging-Beta */ = {
			isa = XCSwiftPackageProductDependency;
			package = CCFF91E32DB4CD52004B0EBF /* XCRemoteSwiftPackageReference "firebase-ios-sdk" */;
			productName = "FirebaseInAppMessaging-Beta";
		};
		CCFF92042DB4CD52004B0EBF /* FirebaseInstallations */ = {
			isa = XCSwiftPackageProductDependency;
			package = CCFF91E32DB4CD52004B0EBF /* XCRemoteSwiftPackageReference "firebase-ios-sdk" */;
			productName = FirebaseInstallations;
		};
		CCFF92062DB4CD52004B0EBF /* FirebaseMLModelDownloader */ = {
			isa = XCSwiftPackageProductDependency;
			package = CCFF91E32DB4CD52004B0EBF /* XCRemoteSwiftPackageReference "firebase-ios-sdk" */;
			productName = FirebaseMLModelDownloader;
		};
		CCFF92082DB4CD52004B0EBF /* FirebaseMessaging */ = {
			isa = XCSwiftPackageProductDependency;
			package = CCFF91E32DB4CD52004B0EBF /* XCRemoteSwiftPackageReference "firebase-ios-sdk" */;
			productName = FirebaseMessaging;
		};
		CCFF920A2DB4CD52004B0EBF /* FirebasePerformance */ = {
			isa = XCSwiftPackageProductDependency;
			package = CCFF91E32DB4CD52004B0EBF /* XCRemoteSwiftPackageReference "firebase-ios-sdk" */;
			productName = FirebasePerformance;
		};
		CCFF920C2DB4CD52004B0EBF /* FirebaseRemoteConfig */ = {
			isa = XCSwiftPackageProductDependency;
			package = CCFF91E32DB4CD52004B0EBF /* XCRemoteSwiftPackageReference "firebase-ios-sdk" */;
			productName = FirebaseRemoteConfig;
		};
		CCFF920E2DB4CD52004B0EBF /* FirebaseStorage */ = {
			isa = XCSwiftPackageProductDependency;
			package = CCFF91E32DB4CD52004B0EBF /* XCRemoteSwiftPackageReference "firebase-ios-sdk" */;
			productName = FirebaseStorage;
		};
		CCFF92102DB4CD52004B0EBF /* FirebaseStorageCombine-Community */ = {
			isa = XCSwiftPackageProductDependency;
			package = CCFF91E32DB4CD52004B0EBF /* XCRemoteSwiftPackageReference "firebase-ios-sdk" */;
			productName = "FirebaseStorageCombine-Community";
		};
		CCFF92122DB4CD52004B0EBF /* FirebaseVertexAI */ = {
			isa = XCSwiftPackageProductDependency;
			package = CCFF91E32DB4CD52004B0EBF /* XCRemoteSwiftPackageReference "firebase-ios-sdk" */;
			productName = FirebaseVertexAI;
		};
		CCFF92152DB4CD74004B0EBF /* Inject */ = {
			isa = XCSwiftPackageProductDependency;
			package = CCFF92142DB4CD74004B0EBF /* XCRemoteSwiftPackageReference "Inject" */;
			productName = Inject;
		};
		CCFF92182DB4CD96004B0EBF /* GoogleSignIn */ = {
			isa = XCSwiftPackageProductDependency;
			package = CCFF92172DB4CD96004B0EBF /* XCRemoteSwiftPackageReference "GoogleSignIn-iOS" */;
			productName = GoogleSignIn;
		};
		CCFF921A2DB4CD96004B0EBF /* GoogleSignInSwift */ = {
			isa = XCSwiftPackageProductDependency;
			package = CCFF92172DB4CD96004B0EBF /* XCRemoteSwiftPackageReference "GoogleSignIn-iOS" */;
			productName = GoogleSignInSwift;
		};
		CCFF921D2DB4CE50004B0EBF /* AMJpnMap */ = {
			isa = XCSwiftPackageProductDependency;
			package = CCFF921C2DB4CE50004B0EBF /* XCRemoteSwiftPackageReference "TapableJapanMapByPrefecture" */;
			productName = AMJpnMap;
		};
/* End XCSwiftPackageProductDependency section */
	};
	rootObject = 22D6C3D52D4A4C8300C47272 /* Project object */;
}
